
Microsoft Visual Studio Solution File, Format Version 12.00
# Visual Studio Version 17
VisualStudioVersion = 17.4.33110.190
MinimumVisualStudioVersion = 10.0.40219.1
Project("{9A19103F-16F7-4668-BE54-9A1E7A4F7556}") = "Serializer.App", "Serializer.App\Serializer.App.csproj", "{908E0247-9EEB-43CB-8A51-5BDF9E3B5893}"
EndProject
Project("{9A19103F-16F7-4668-BE54-9A1E7A4F7556}") = "Grpc.App", "Grpc.App\Grpc.App.csproj", "{9DCD1827-6AE4-49E7-A5C9-6EA2AA46B940}"
EndProject
Project("{9A19103F-16F7-4668-BE54-9A1E7A4F7556}") = "Grpc.ClientApp", "Grpc.ClientApp\Grpc.ClientApp.csproj", "{0E2DA669-1953-4C92-9530-81F5A9C35FED}"
EndProject
Project("{FAE04EC0-301F-11D3-BF4B-00C04F79EFBC}") = "Database.App", "Database.App\Database.App.csproj", "{EE942513-66B0-4B13-9495-CDDBC4AB91CD}"
EndProject
Global
	GlobalSection(SolutionConfigurationPlatforms) = preSolution
		Debug|Any CPU = Debug|Any CPU
		Release|Any CPU = Release|Any CPU
	EndGlobalSection
	GlobalSection(ProjectConfigurationPlatforms) = postSolution
		{908E0247-9EEB-43CB-8A51-5BDF9E3B5893}.Debug|Any CPU.ActiveCfg = Debug|Any CPU
		{908E0247-9EEB-43CB-8A51-5BDF9E3B5893}.Debug|Any CPU.Build.0 = Debug|Any CPU
		{908E0247-9EEB-43CB-8A51-5BDF9E3B5893}.Release|Any CPU.ActiveCfg = Release|Any CPU
		{908E0247-9EEB-43CB-8A51-5BDF9E3B5893}.Release|Any CPU.Build.0 = Release|Any CPU
		{9DCD1827-6AE4-49E7-A5C9-6EA2AA46B940}.Debug|Any CPU.ActiveCfg = Debug|Any CPU
		{9DCD1827-6AE4-49E7-A5C9-6EA2AA46B940}.Debug|Any CPU.Build.0 = Debug|Any CPU
		{9DCD1827-6AE4-49E7-A5C9-6EA2AA46B940}.Release|Any CPU.ActiveCfg = Release|Any CPU
		{9DCD1827-6AE4-49E7-A5C9-6EA2AA46B940}.Release|Any CPU.Build.0 = Release|Any CPU
		{0E2DA669-1953-4C92-9530-81F5A9C35FED}.Debug|Any CPU.ActiveCfg = Debug|Any CPU
		{0E2DA669-1953-4C92-9530-81F5A9C35FED}.Debug|Any CPU.Build.0 = Debug|Any CPU
		{0E2DA669-1953-4C92-9530-81F5A9C35FED}.Release|Any CPU.ActiveCfg = Release|Any CPU
		{0E2DA669-1953-4C92-9530-81F5A9C35FED}.Release|Any CPU.Build.0 = Release|Any CPU
		{EE942513-66B0-4B13-9495-CDDBC4AB91CD}.Debug|Any CPU.ActiveCfg = Debug|Any CPU
		{EE942513-66B0-4B13-9495-CDDBC4AB91CD}.Debug|Any CPU.Build.0 = Debug|Any CPU
		{EE942513-66B0-4B13-9495-CDDBC4AB91CD}.Release|Any CPU.ActiveCfg = Release|Any CPU
		{EE942513-66B0-4B13-9495-CDDBC4AB91CD}.Release|Any CPU.Build.0 = Release|Any CPU
	EndGlobalSection
	GlobalSection(SolutionProperties) = preSolution
		HideSolutionNode = FALSE
	EndGlobalSection
	GlobalSection(ExtensibilityGlobals) = postSolution
		SolutionGuid = {0B20B219-7FFC-4FA2-9275-A762DD95E062}
	EndGlobalSection
EndGlobal
